
Microsoft Visual Studio Solution File, Format Version 12.00
# Visual Studio Version 17
VisualStudioVersion = 17.8.34309.116
MinimumVisualStudioVersion = 10.0.40219.1
Project("{FAE04EC0-301F-11D3-BF4B-00C04F79EFBC}") = "Api", "Api\Api.csproj", "{C2B29D3B-D1F1-4DBB-8FC5-28C3D128DDDE}"
EndProject
Project("{FAE04EC0-301F-11D3-BF4B-00C04F79EFBC}") = "Application", "Application\Application.csproj", "{48CEDFE1-3287-4D73-9145-CDB0B3E5ED4A}"
EndProject
Project("{FAE04EC0-301F-11D3-BF4B-00C04F79EFBC}") = "Infrastructure", "Infrastructure\Infrastructure.csproj", "{2A3C8DA7-D6A1-4851-87A3-90661009D65C}"
EndProject
Project("{FAE04EC0-301F-11D3-BF4B-00C04F79EFBC}") = "Domain", "Domain\Domain.csproj", "{668DB412-BFCB-4E34-896F-7D5EA74B75C4}"
EndProject
Global
	GlobalSection(SolutionConfigurationPlatforms) = preSolution
		Debug|Any CPU = Debug|Any CPU
		Release|Any CPU = Release|Any CPU
	EndGlobalSection
	GlobalSection(ProjectConfigurationPlatforms) = postSolution
		{C2B29D3B-D1F1-4DBB-8FC5-28C3D128DDDE}.Debug|Any CPU.ActiveCfg = Debug|Any CPU
		{C2B29D3B-D1F1-4DBB-8FC5-28C3D128DDDE}.Debug|Any CPU.Build.0 = Debug|Any CPU
		{C2B29D3B-D1F1-4DBB-8FC5-28C3D128DDDE}.Release|Any CPU.ActiveCfg = Release|Any CPU
		{C2B29D3B-D1F1-4DBB-8FC5-28C3D128DDDE}.Release|Any CPU.Build.0 = Release|Any CPU
		{48CEDFE1-3287-4D73-9145-CDB0B3E5ED4A}.Debug|Any CPU.ActiveCfg = Debug|Any CPU
		{48CEDFE1-3287-4D73-9145-CDB0B3E5ED4A}.Debug|Any CPU.Build.0 = Debug|Any CPU
		{48CEDFE1-3287-4D73-9145-CDB0B3E5ED4A}.Release|Any CPU.ActiveCfg = Release|Any CPU
		{48CEDFE1-3287-4D73-9145-CDB0B3E5ED4A}.Release|Any CPU.Build.0 = Release|Any CPU
		{2A3C8DA7-D6A1-4851-87A3-90661009D65C}.Debug|Any CPU.ActiveCfg = Debug|Any CPU
		{2A3C8DA7-D6A1-4851-87A3-90661009D65C}.Debug|Any CPU.Build.0 = Debug|Any CPU
		{2A3C8DA7-D6A1-4851-87A3-90661009D65C}.Release|Any CPU.ActiveCfg = Release|Any CPU
		{2A3C8DA7-D6A1-4851-87A3-90661009D65C}.Release|Any CPU.Build.0 = Release|Any CPU
		{668DB412-BFCB-4E34-896F-7D5EA74B75C4}.Debug|Any CPU.ActiveCfg = Debug|Any CPU
		{668DB412-BFCB-4E34-896F-7D5EA74B75C4}.Debug|Any CPU.Build.0 = Debug|Any CPU
		{668DB412-BFCB-4E34-896F-7D5EA74B75C4}.Release|Any CPU.ActiveCfg = Release|Any CPU
		{668DB412-BFCB-4E34-896F-7D5EA74B75C4}.Release|Any CPU.Build.0 = Release|Any CPU
	EndGlobalSection
	GlobalSection(SolutionProperties) = preSolution
		HideSolutionNode = FALSE
	EndGlobalSection
	GlobalSection(ExtensibilityGlobals) = postSolution
		SolutionGuid = {DB60FBF6-A37F-4264-9DC2-D4A6AD155356}
	EndGlobalSection
EndGlobal
